
Microsoft Visual Studio Solution File, Format Version 12.00
# Visual Studio Version 16
VisualStudioVersion = 16.0.31605.320
MinimumVisualStudioVersion = 10.0.40219.1
Project("{2150E333-8FDC-42A3-9474-1A3956D46DE8}") = "src", "src", "{0C213F95-E4A9-4A9E-9283-5BFA9E88B4E8}"
EndProject
Project("{2150E333-8FDC-42A3-9474-1A3956D46DE8}") = "tests", "tests", "{D3B7723A-67D6-4C53-8069-1452839D5925}"
EndProject
Project("{9A19103F-16F7-4668-BE54-9A1E7A4F7556}") = "DDD-Template.Domain", "src\DDD-Template.Domain\DDD-Template.Domain.csproj", "{A96FF661-E730-48EF-941B-FE5719EC10E5}"
EndProject
Project("{9A19103F-16F7-4668-BE54-9A1E7A4F7556}") = "DDD-Template.Application", "src\DDD-Template.Application\DDD-Template.Application.csproj", "{8490B4EE-E41C-4ABA-98F8-98A8919CE57F}"
EndProject
Project("{9A19103F-16F7-4668-BE54-9A1E7A4F7556}") = "DDD-Template.Application.UnitTests", "tests\DDD-Template.Application.UnitTests\DDD-Template.Application.UnitTests.csproj", "{21D79C8E-55F3-43E4-882E-C2341283D1AE}"
EndProject
Project("{9A19103F-16F7-4668-BE54-9A1E7A4F7556}") = "DDD-Template.Infrastructure", "src\DDD-Template.Infrastructure\DDD-Template.Infrastructure.csproj", "{4E2B428A-17C6-4E5D-870C-5E562DD766F7}"
EndProject
Project("{9A19103F-16F7-4668-BE54-9A1E7A4F7556}") = "DDD-Template.Infrastructure.UnitTests", "tests\DDD-Template.Infrastructure.UnitTests\DDD-Template.Infrastructure.UnitTests.csproj", "{6633D2E2-505E-4B21-B145-4B012FD4D53F}"
EndProject
Project("{FAE04EC0-301F-11D3-BF4B-00C04F79EFBC}") = "DDD-Template.UnitTests", "tests\DDD-Template.UnitTests\DDD-Template.UnitTests.csproj", "{C6D90320-A269-4FF8-A845-056458413EBA}"
EndProject
Project("{FAE04EC0-301F-11D3-BF4B-00C04F79EFBC}") = "DDD-Template.IntegrationTests", "tests\DDD-Template.IntegrationTests\DDD-Template.IntegrationTests.csproj", "{7D70734C-17C3-46C2-A2B3-9D11EFFA4276}"
EndProject
Global
	GlobalSection(SolutionConfigurationPlatforms) = preSolution
		Debug|Any CPU = Debug|Any CPU
		Release|Any CPU = Release|Any CPU
	EndGlobalSection
	GlobalSection(ProjectConfigurationPlatforms) = postSolution
		{A96FF661-E730-48EF-941B-FE5719EC10E5}.Debug|Any CPU.ActiveCfg = Debug|Any CPU
		{A96FF661-E730-48EF-941B-FE5719EC10E5}.Debug|Any CPU.Build.0 = Debug|Any CPU
		{A96FF661-E730-48EF-941B-FE5719EC10E5}.Release|Any CPU.ActiveCfg = Release|Any CPU
		{A96FF661-E730-48EF-941B-FE5719EC10E5}.Release|Any CPU.Build.0 = Release|Any CPU
		{8490B4EE-E41C-4ABA-98F8-98A8919CE57F}.Debug|Any CPU.ActiveCfg = Debug|Any CPU
		{8490B4EE-E41C-4ABA-98F8-98A8919CE57F}.Debug|Any CPU.Build.0 = Debug|Any CPU
		{8490B4EE-E41C-4ABA-98F8-98A8919CE57F}.Release|Any CPU.ActiveCfg = Release|Any CPU
		{8490B4EE-E41C-4ABA-98F8-98A8919CE57F}.Release|Any CPU.Build.0 = Release|Any CPU
		{21D79C8E-55F3-43E4-882E-C2341283D1AE}.Debug|Any CPU.ActiveCfg = Debug|Any CPU
		{21D79C8E-55F3-43E4-882E-C2341283D1AE}.Debug|Any CPU.Build.0 = Debug|Any CPU
		{21D79C8E-55F3-43E4-882E-C2341283D1AE}.Release|Any CPU.ActiveCfg = Release|Any CPU
		{21D79C8E-55F3-43E4-882E-C2341283D1AE}.Release|Any CPU.Build.0 = Release|Any CPU
		{4E2B428A-17C6-4E5D-870C-5E562DD766F7}.Debug|Any CPU.ActiveCfg = Debug|Any CPU
		{4E2B428A-17C6-4E5D-870C-5E562DD766F7}.Debug|Any CPU.Build.0 = Debug|Any CPU
		{4E2B428A-17C6-4E5D-870C-5E562DD766F7}.Release|Any CPU.ActiveCfg = Release|Any CPU
		{4E2B428A-17C6-4E5D-870C-5E562DD766F7}.Release|Any CPU.Build.0 = Release|Any CPU
		{6633D2E2-505E-4B21-B145-4B012FD4D53F}.Debug|Any CPU.ActiveCfg = Debug|Any CPU
		{6633D2E2-505E-4B21-B145-4B012FD4D53F}.Debug|Any CPU.Build.0 = Debug|Any CPU
		{6633D2E2-505E-4B21-B145-4B012FD4D53F}.Release|Any CPU.ActiveCfg = Release|Any CPU
		{6633D2E2-505E-4B21-B145-4B012FD4D53F}.Release|Any CPU.Build.0 = Release|Any CPU
		{C6D90320-A269-4FF8-A845-056458413EBA}.Debug|Any CPU.ActiveCfg = Debug|Any CPU
		{C6D90320-A269-4FF8-A845-056458413EBA}.Debug|Any CPU.Build.0 = Debug|Any CPU
		{C6D90320-A269-4FF8-A845-056458413EBA}.Release|Any CPU.ActiveCfg = Release|Any CPU
		{C6D90320-A269-4FF8-A845-056458413EBA}.Release|Any CPU.Build.0 = Release|Any CPU
		{7D70734C-17C3-46C2-A2B3-9D11EFFA4276}.Debug|Any CPU.ActiveCfg = Debug|Any CPU
		{7D70734C-17C3-46C2-A2B3-9D11EFFA4276}.Debug|Any CPU.Build.0 = Debug|Any CPU
		{7D70734C-17C3-46C2-A2B3-9D11EFFA4276}.Release|Any CPU.ActiveCfg = Release|Any CPU
		{7D70734C-17C3-46C2-A2B3-9D11EFFA4276}.Release|Any CPU.Build.0 = Release|Any CPU
	EndGlobalSection
	GlobalSection(SolutionProperties) = preSolution
		HideSolutionNode = FALSE
	EndGlobalSection
	GlobalSection(NestedProjects) = preSolution
		{A96FF661-E730-48EF-941B-FE5719EC10E5} = {0C213F95-E4A9-4A9E-9283-5BFA9E88B4E8}
		{8490B4EE-E41C-4ABA-98F8-98A8919CE57F} = {0C213F95-E4A9-4A9E-9283-5BFA9E88B4E8}
		{21D79C8E-55F3-43E4-882E-C2341283D1AE} = {D3B7723A-67D6-4C53-8069-1452839D5925}
		{4E2B428A-17C6-4E5D-870C-5E562DD766F7} = {0C213F95-E4A9-4A9E-9283-5BFA9E88B4E8}
		{6633D2E2-505E-4B21-B145-4B012FD4D53F} = {D3B7723A-67D6-4C53-8069-1452839D5925}
		{C6D90320-A269-4FF8-A845-056458413EBA} = {D3B7723A-67D6-4C53-8069-1452839D5925}
		{7D70734C-17C3-46C2-A2B3-9D11EFFA4276} = {D3B7723A-67D6-4C53-8069-1452839D5925}
	EndGlobalSection
	GlobalSection(ExtensibilityGlobals) = postSolution
		SolutionGuid = {CFFAEFE4-846B-4A62-BE8D-D5B7714DAF30}
	EndGlobalSection
EndGlobal
